
Microsoft Visual Studio Solution File, Format Version 12.00
# Visual Studio 15
VisualStudioVersion = 15.0.34112.143
MinimumVisualStudioVersion = 10.0.40219.1
Project("{8BC9CEB8-8B4A-11D0-8D11-00A0C91BC942}") = "imguiChat", "imguiChat\imguiChat.vcxproj", "{9D5DEB85-FF11-456F-894B-FAC47D2AAAC1}"
EndProject
Global
	GlobalSection(SolutionConfigurationPlatforms) = preSolution
		Debug|x64 = Debug|x64
		Release|x64 = Release|x64
	EndGlobalSection
	GlobalSection(ProjectConfigurationPlatforms) = postSolution
		{9D5DEB85-FF11-456F-894B-FAC47D2AAAC1}.Debug|x64.ActiveCfg = Debug|x64
		{9D5DEB85-FF11-456F-894B-FAC47D2AAAC1}.Debug|x64.Build.0 = Debug|x64
		{9D5DEB85-FF11-456F-894B-FAC47D2AAAC1}.Release|x64.ActiveCfg = Release|x64
		{9D5DEB85-FF11-456F-894B-FAC47D2AAAC1}.Release|x64.Build.0 = Release|x64
	EndGlobalSection
	GlobalSection(SolutionProperties) = preSolution
		HideSolutionNode = FALSE
	EndGlobalSection
	GlobalSection(ExtensibilityGlobals) = postSolution
		SolutionGuid = {0BCBFAF9-B85B-47B8-9676-76C0AD5C03CB}
	EndGlobalSection
EndGlobal
